// !$*UTF8*$!
{
	archiveVersion = 1;
	classes = {
	};
	objectVersion = 46;
	objects = {

/* Begin PBXBuildFile section */
		549D86DB1A96B92900562EA7 /* AppDelegate.swift in Sources */ = {isa = PBXBuildFile; fileRef = 549D86DA1A96B92900562EA7 /* AppDelegate.swift */; };
		549D86DD1A96B92900562EA7 /* ViewController.swift in Sources */ = {isa = PBXBuildFile; fileRef = 549D86DC1A96B92900562EA7 /* ViewController.swift */; };
		549D86E01A96B92900562EA7 /* Main.storyboard in Resources */ = {isa = PBXBuildFile; fileRef = 549D86DE1A96B92900562EA7 /* Main.storyboard */; };
		549D86E21A96B92900562EA7 /* Images.xcassets in Resources */ = {isa = PBXBuildFile; fileRef = 549D86E11A96B92900562EA7 /* Images.xcassets */; };
		549D86E51A96B92900562EA7 /* LaunchScreen.xib in Resources */ = {isa = PBXBuildFile; fileRef = 549D86E31A96B92900562EA7 /* LaunchScreen.xib */; };
		549D86F11A96B92900562EA7 /* CronoTvTests.swift in Sources */ = {isa = PBXBuildFile; fileRef = 549D86F01A96B92900562EA7 /* CronoTvTests.swift */; };
/* End PBXBuildFile section */

/* Begin PBXContainerItemProxy section */
		549D86EB1A96B92900562EA7 /* PBXContainerItemProxy */ = {
			isa = PBXContainerItemProxy;
			containerPortal = 549D86CD1A96B92900562EA7 /* Project object */;
			proxyType = 1;
			remoteGlobalIDString = 549D86D41A96B92900562EA7;
			remoteInfo = CronoTv;
		};
/* End PBXContainerItemProxy section */

/* Begin PBXFileReference section */
		549D86D51A96B92900562EA7 /* CronoTv.app */ = {isa = PBXFileReference; explicitFileType = wrapper.application; includeInIndex = 0; path = CronoTv.app; sourceTree = BUILT_PRODUCTS_DIR; };
		549D86D91A96B92900562EA7 /* Info.plist */ = {isa = PBXFileReference; lastKnownFileType = text.plist.xml; path = Info.plist; sourceTree = "<group>"; };
		549D86DA1A96B92900562EA7 /* AppDelegate.swift */ = {isa = PBXFileReference; lastKnownFileType = sourcecode.swift; path = AppDelegate.swift; sourceTree = "<group>"; };
		549D86DC1A96B92900562EA7 /* ViewController.swift */ = {isa = PBXFileReference; lastKnownFileType = sourcecode.swift; path = ViewController.swift; sourceTree = "<group>"; };
		549D86DF1A96B92900562EA7 /* Base */ = {isa = PBXFileReference; lastKnownFileType = file.storyboard; name = Base; path = Base.lproj/Main.storyboard; sourceTree = "<group>"; };
		549D86E11A96B92900562EA7 /* Images.xcassets */ = {isa = PBXFileReference; lastKnownFileType = folder.assetcatalog; path = Images.xcassets; sourceTree = "<group>"; };
		549D86E41A96B92900562EA7 /* Base */ = {isa = PBXFileReference; lastKnownFileType = file.xib; name = Base; path = Base.lproj/LaunchScreen.xib; sourceTree = "<group>"; };
		549D86EA1A96B92900562EA7 /* CronoTvTests.xctest */ = {isa = PBXFileReference; explicitFileType = wrapper.cfbundle; includeInIndex = 0; path = CronoTvTests.xctest; sourceTree = BUILT_PRODUCTS_DIR; };
		549D86EF1A96B92900562EA7 /* Info.plist */ = {isa = PBXFileReference; lastKnownFileType = text.plist.xml; path = Info.plist; sourceTree = "<group>"; };
		549D86F01A96B92900562EA7 /* CronoTvTests.swift */ = {isa = PBXFileReference; lastKnownFileType = sourcecode.swift; path = CronoTvTests.swift; sourceTree = "<group>"; };
/* End PBXFileReference section */

/* Begin PBXFrameworksBuildPhase section */
		549D86D21A96B92900562EA7 /* Frameworks */ = {
			isa = PBXFrameworksBuildPhase;
			buildActionMask = 2147483647;
			files = (
			);
			runOnlyForDeploymentPostprocessing = 0;
		};
		549D86E71A96B92900562EA7 /* Frameworks */ = {
			isa = PBXFrameworksBuildPhase;
			buildActionMask = 2147483647;
			files = (
			);
			runOnlyForDeploymentPostprocessing = 0;
		};
/* End PBXFrameworksBuildPhase section */

/* Begin PBXGroup section */
		549D86CC1A96B92900562EA7 = {
			isa = PBXGroup;
			children = (
				549D86D71A96B92900562EA7 /* CronoTv */,
				549D86ED1A96B92900562EA7 /* CronoTvTests */,
				549D86D61A96B92900562EA7 /* Products */,
			);
			sourceTree = "<group>";
		};
		549D86D61A96B92900562EA7 /* Products */ = {
			isa = PBXGroup;
			children = (
				549D86D51A96B92900562EA7 /* CronoTv.app */,
				549D86EA1A96B92900562EA7 /* CronoTvTests.xctest */,
			);
			name = Products;
			sourceTree = "<group>";
		};
		549D86D71A96B92900562EA7 /* CronoTv */ = {
			isa = PBXGroup;
			children = (
				549D86DA1A96B92900562EA7 /* AppDelegate.swift */,
				549D86DC1A96B92900562EA7 /* ViewController.swift */,
				549D86DE1A96B92900562EA7 /* Main.storyboard */,
				549D86E11A96B92900562EA7 /* Images.xcassets */,
				549D86E31A96B92900562EA7 /* LaunchScreen.xib */,
				549D86D81A96B92900562EA7 /* Supporting Files */,
			);
			path = CronoTv;
			sourceTree = "<group>";
		};
		549D86D81A96B92900562EA7 /* Supporting Files */ = {
			isa = PBXGroup;
			children = (
				549D86D91A96B92900562EA7 /* Info.plist */,
			);
			name = "Supporting Files";
			sourceTree = "<group>";
		};
		549D86ED1A96B92900562EA7 /* CronoTvTests */ = {
			isa = PBXGroup;
			children = (
				549D86F01A96B92900562EA7 /* CronoTvTests.swift */,
				549D86EE1A96B92900562EA7 /* Supporting Files */,
			);
			path = CronoTvTests;
			sourceTree = "<group>";
		};
		549D86EE1A96B92900562EA7 /* Supporting Files */ = {
			isa = PBXGroup;
			children = (
				549D86EF1A96B92900562EA7 /* Info.plist */,
			);
			name = "Supporting Files";
			sourceTree = "<group>";
		};
/* End PBXGroup section */

/* Begin PBXNativeTarget section */
		549D86D41A96B92900562EA7 /* CronoTv */ = {
			isa = PBXNativeTarget;
			buildConfigurationList = 549D86F41A96B92900562EA7 /* Build configuration list for PBXNativeTarget "CronoTv" */;
			buildPhases = (
				549D86D11A96B92900562EA7 /* Sources */,
				549D86D21A96B92900562EA7 /* Frameworks */,
				549D86D31A96B92900562EA7 /* Resources */,
			);
			buildRules = (
			);
			dependencies = (
			);
			name = CronoTv;
			productName = CronoTv;
			productReference = 549D86D51A96B92900562EA7 /* CronoTv.app */;
			productType = "com.apple.product-type.application";
		};
		549D86E91A96B92900562EA7 /* CronoTvTests */ = {
			isa = PBXNativeTarget;
			buildConfigurationList = 549D86F71A96B92900562EA7 /* Build configuration list for PBXNativeTarget "CronoTvTests" */;
			buildPhases = (
				549D86E61A96B92900562EA7 /* Sources */,
				549D86E71A96B92900562EA7 /* Frameworks */,
				549D86E81A96B92900562EA7 /* Resources */,
			);
			buildRules = (
			);
			dependencies = (
				549D86EC1A96B92900562EA7 /* PBXTargetDependency */,
			);
			name = CronoTvTests;
			productName = CronoTvTests;
			productReference = 549D86EA1A96B92900562EA7 /* CronoTvTests.xctest */;
			productType = "com.apple.product-type.bundle.unit-test";
		};
/* End PBXNativeTarget section */

/* Begin PBXProject section */
		549D86CD1A96B92900562EA7 /* Project object */ = {
			isa = PBXProject;
			attributes = {
				LastUpgradeCheck = 0610;
				ORGANIZATIONNAME = "Ferran Olivella";
				TargetAttributes = {
					549D86D41A96B92900562EA7 = {
						CreatedOnToolsVersion = 6.1.1;
					};
					549D86E91A96B92900562EA7 = {
						CreatedOnToolsVersion = 6.1.1;
						TestTargetID = 549D86D41A96B92900562EA7;
					};
				};
			};
			buildConfigurationList = 549D86D01A96B92900562EA7 /* Build configuration list for PBXProject "CronoTv" */;
			compatibilityVersion = "Xcode 3.2";
			developmentRegion = English;
			hasScannedForEncodings = 0;
			knownRegions = (
				en,
				Base,
			);
			mainGroup = 549D86CC1A96B92900562EA7;
			productRefGroup = 549D86D61A96B92900562EA7 /* Products */;
			projectDirPath = "";
			projectRoot = "";
			targets = (
				549D86D41A96B92900562EA7 /* CronoTv */,
				549D86E91A96B92900562EA7 /* CronoTvTests */,
			);
		};
/* End PBXProject section */

/* Begin PBXResourcesBuildPhase section */
		549D86D31A96B92900562EA7 /* Resources */ = {
			isa = PBXResourcesBuildPhase;
			buildActionMask = 2147483647;
			files = (
				549D86E01A96B92900562EA7 /* Main.storyboard in Resources */,
				549D86E51A96B92900562EA7 /* LaunchScreen.xib in Resources */,
				549D86E21A96B92900562EA7 /* Images.xcassets in Resources */,
			);
			runOnlyForDeploymentPostprocessing = 0;
		};
		549D86E81A96B92900562EA7 /* Resources */ = {
			isa = PBXResourcesBuildPhase;
			buildActionMask = 2147483647;
			files = (
			);
			runOnlyForDeploymentPostprocessing = 0;
		};
/* End PBXResourcesBuildPhase section */

/* Begin PBXSourcesBuildPhase section */
		549D86D11A96B92900562EA7 /* Sources */ = {
			isa = PBXSourcesBuildPhase;
			buildActionMask = 2147483647;
			files = (
				549D86DD1A96B92900562EA7 /* ViewController.swift in Sources */,
				549D86DB1A96B92900562EA7 /* AppDelegate.swift in Sources */,
			);
			runOnlyForDeploymentPostprocessing = 0;
		};
		549D86E61A96B92900562EA7 /* Sources */ = {
			isa = PBXSourcesBuildPhase;
			buildActionMask = 2147483647;
			files = (
				549D86F11A96B92900562EA7 /* CronoTvTests.swift in Sources */,
			);
			runOnlyForDeploymentPostprocessing = 0;
		};
/* End PBXSourcesBuildPhase section */

/* Begin PBXTargetDependency section */
		549D86EC1A96B92900562EA7 /* PBXTargetDependency */ = {
			isa = PBXTargetDependency;
			target = 549D86D41A96B92900562EA7 /* CronoTv */;
			targetProxy = 549D86EB1A96B92900562EA7 /* PBXContainerItemProxy */;
		};
/* End PBXTargetDependency section */

/* Begin PBXVariantGroup section */
		549D86DE1A96B92900562EA7 /* Main.storyboard */ = {
			isa = PBXVariantGroup;
			children = (
				549D86DF1A96B92900562EA7 /* Base */,
			);
			name = Main.storyboard;
			sourceTree = "<group>";
		};
		549D86E31A96B92900562EA7 /* LaunchScreen.xib */ = {
			isa = PBXVariantGroup;
			children = (
				549D86E41A96B92900562EA7 /* Base */,
			);
			name = LaunchScreen.xib;
			sourceTree = "<group>";
		};
/* End PBXVariantGroup section */

/* Begin XCBuildConfiguration section */
		549D86F21A96B92900562EA7 /* Debug */ = {
			isa = XCBuildConfiguration;
			buildSettings = {
				ALWAYS_SEARCH_USER_PATHS = NO;
				CLANG_CXX_LANGUAGE_STANDARD = "gnu++0x";
				CLANG_CXX_LIBRARY = "libc++";
				CLANG_ENABLE_MODULES = YES;
				CLANG_ENABLE_OBJC_ARC = YES;
				CLANG_WARN_BOOL_CONVERSION = YES;
				CLANG_WARN_CONSTANT_CONVERSION = YES;
				CLANG_WARN_DIRECT_OBJC_ISA_USAGE = YES_ERROR;
				CLANG_WARN_EMPTY_BODY = YES;
				CLANG_WARN_ENUM_CONVERSION = YES;
				CLANG_WARN_INT_CONVERSION = YES;
				CLANG_WARN_OBJC_ROOT_CLASS = YES_ERROR;
				CLANG_WARN_UNREACHABLE_CODE = YES;
				CLANG_WARN__DUPLICATE_METHOD_MATCH = YES;
				"CODE_SIGN_IDENTITY[sdk=iphoneos*]" = "iPhone Developer";
				COPY_PHASE_STRIP = NO;
				ENABLE_STRICT_OBJC_MSGSEND = YES;
				GCC_C_LANGUAGE_STANDARD = gnu99;
				GCC_DYNAMIC_NO_PIC = NO;
				GCC_OPTIMIZATION_LEVEL = 0;
				GCC_PREPROCESSOR_DEFINITIONS = (
					"DEBUG=1",
					"$(inherited)",
				);
				GCC_SYMBOLS_PRIVATE_EXTERN = NO;
				GCC_WARN_64_TO_32_BIT_CONVERSION = YES;
				GCC_WARN_ABOUT_RETURN_TYPE = YES_ERROR;
				GCC_WARN_UNDECLARED_SELECTOR = YES;
				GCC_WARN_UNINITIALIZED_AUTOS = YES_AGGRESSIVE;
				GCC_WARN_UNUSED_FUNCTION = YES;
				GCC_WARN_UNUSED_VARIABLE = YES;
				IPHONEOS_DEPLOYMENT_TARGET = 8.1;
				MTL_ENABLE_DEBUG_INFO = YES;
				ONLY_ACTIVE_ARCH = YES;
				SDKROOT = iphoneos;
				SWIFT_OPTIMIZATION_LEVEL = "-Onone";
			};
			name = Debug;
		};
		549D86F31A96B92900562EA7 /* Release */ = {
			isa = XCBuildConfiguration;
			buildSettings = {
				ALWAYS_SEARCH_USER_PATHS = NO;
				CLANG_CXX_LANGUAGE_STANDARD = "gnu++0x";
				CLANG_CXX_LIBRARY = "libc++";
				CLANG_ENABLE_MODULES = YES;
				CLANG_ENABLE_OBJC_ARC = YES;
				CLANG_WARN_BOOL_CONVERSION = YES;
				CLANG_WARN_CONSTANT_CONVERSION = YES;
				CLANG_WARN_DIRECT_OBJC_ISA_USAGE = YES_ERROR;
				CLANG_WARN_EMPTY_BODY = YES;
				CLANG_WARN_ENUM_CONVERSION = YES;
				CLANG_WARN_INT_CONVERSION = YES;
				CLANG_WARN_OBJC_ROOT_CLASS = YES_ERROR;
				CLANG_WARN_UNREACHABLE_CODE = YES;
				CLANG_WARN__DUPLICATE_METHOD_MATCH = YES;
				"CODE_SIGN_IDENTITY[sdk=iphoneos*]" = "iPhone Developer";
				COPY_PHASE_STRIP = YES;
				ENABLE_NS_ASSERTIONS = NO;
				ENABLE_STRICT_OBJC_MSGSEND = YES;
				GCC_C_LANGUAGE_STANDARD = gnu99;
				GCC_WARN_64_TO_32_BIT_CONVERSION = YES;
				GCC_WARN_ABOUT_RETURN_TYPE = YES_ERROR;
				GCC_WARN_UNDECLARED_SELECTOR = YES;
				GCC_WARN_UNINITIALIZED_AUTOS = YES_AGGRESSIVE;
				GCC_WARN_UNUSED_FUNCTION = YES;
				GCC_WARN_UNUSED_VARIABLE = YES;
				IPHONEOS_DEPLOYMENT_TARGET = 8.1;
				MTL_ENABLE_DEBUG_INFO = NO;
				SDKROOT = iphoneos;
				VALIDATE_PRODUCT = YES;
			};
			name = Release;
		};
		549D86F51A96B92900562EA7 /* Debug */ = {
			isa = XCBuildConfiguration;
			buildSettings = {
				ASSETCATALOG_COMPILER_APPICON_NAME = AppIcon;
				INFOPLIST_FILE = CronoTv/Info.plist;
				LD_RUNPATH_SEARCH_PATHS = "$(inherited) @executable_path/Frameworks";
				PRODUCT_NAME = "$(TARGET_NAME)";
			};
			name = Debug;
		};
		549D86F61A96B92900562EA7 /* Release */ = {
			isa = XCBuildConfiguration;
			buildSettings = {
				ASSETCATALOG_COMPILER_APPICON_NAME = AppIcon;
				INFOPLIST_FILE = CronoTv/Info.plist;
				LD_RUNPATH_SEARCH_PATHS = "$(inherited) @executable_path/Frameworks";
				PRODUCT_NAME = "$(TARGET_NAME)";
			};
			name = Release;
		};
		549D86F81A96B92900562EA7 /* Debug */ = {
			isa = XCBuildConfiguration;
			buildSettings = {
				BUNDLE_LOADER = "$(TEST_HOST)";
				FRAMEWORK_SEARCH_PATHS = (
					"$(SDKROOT)/Developer/Library/Frameworks",
					"$(inherited)",
				);
				GCC_PREPROCESSOR_DEFINITIONS = (
					"DEBUG=1",
					"$(inherited)",
				);
				INFOPLIST_FILE = CronoTvTests/Info.plist;
				LD_RUNPATH_SEARCH_PATHS = "$(inherited) @executable_path/Frameworks @loader_path/Frameworks";
				PRODUCT_NAME = "$(TARGET_NAME)";
				TEST_HOST = "$(BUILT_PRODUCTS_DIR)/CronoTv.app/CronoTv";
			};
			name = Debug;
		};
		549D86F91A96B92900562EA7 /* Release */ = {
			isa = XCBuildConfiguration;
			buildSettings = {
				BUNDLE_LOADER = "$(TEST_HOST)";
				FRAMEWORK_SEARCH_PATHS = (
					"$(SDKROOT)/Developer/Library/Frameworks",
					"$(inherited)",
				);
				INFOPLIST_FILE = CronoTvTests/Info.plist;
				LD_RUNPATH_SEARCH_PATHS = "$(inherited) @executable_path/Frameworks @loader_path/Frameworks";
				PRODUCT_NAME = "$(TARGET_NAME)";
				TEST_HOST = "$(BUILT_PRODUCTS_DIR)/CronoTv.app/CronoTv";
			};
			name = Release;
		};
/* End XCBuildConfiguration section */

/* Begin XCConfigurationList section */
		549D86D01A96B92900562EA7 /* Build configuration list for PBXProject "CronoTv" */ = {
			isa = XCConfigurationList;
			buildConfigurations = (
				549D86F21A96B92900562EA7 /* Debug */,
				549D86F31A96B92900562EA7 /* Release */,
			);
			defaultConfigurationIsVisible = 0;
			defaultConfigurationName = Release;
		};
		549D86F41A96B92900562EA7 /* Build configuration list for PBXNativeTarget "CronoTv" */ = {
			isa = XCConfigurationList;
			buildConfigurations = (
				549D86F51A96B92900562EA7 /* Debug */,
				549D86F61A96B92900562EA7 /* Release */,
			);
			defaultConfigurationIsVisible = 0;
		};
		549D86F71A96B92900562EA7 /* Build configuration list for PBXNativeTarget "CronoTvTests" */ = {
			isa = XCConfigurationList;
			buildConfigurations = (
				549D86F81A96B92900562EA7 /* Debug */,
				549D86F91A96B92900562EA7 /* Release */,
			);
			defaultConfigurationIsVisible = 0;
		};
/* End XCConfigurationList section */
	};
	rootObject = 549D86CD1A96B92900562EA7 /* Project object */;
}
